<?xml version="1.0" encoding="utf-8"?>
<Project ToolsVersion="4.0" xmlns="http://schemas.microsoft.com/developer/msbuild/2003">
  <ItemGroup>
    <Filter Include="Src">
      <UniqueIdentifier>{0D23880B-792C-887C-02A8-9E7C6EB0937C}</UniqueIdentifier>
    </Filter>
    <Filter Include="Src\Crystal">
      <UniqueIdentifier>{7E929B99-EA47-148F-733C-0E66DFF00A93}</UniqueIdentifier>
    </Filter>
    <Filter Include="Src\Crystal\Core">
      <UniqueIdentifier>{96F5098D-82EE-28DF-AB20-0E64977808EB}</UniqueIdentifier>
    </Filter>
    <Filter Include="Src\Crystal\Events">
      <UniqueIdentifier>{A2C47FFC-8EA8-4052-F708-3BA5E30B2BD4}</UniqueIdentifier>
    </Filter>
    <Filter Include="Src\Crystal\ImGui">
      <UniqueIdentifier>{286EB32E-9484-B1C4-DDFB-3CE64951824C}</UniqueIdentifier>
    </Filter>
    <Filter Include="Src\Crystal\Input">
      <UniqueIdentifier>{FDA8B42E-69BF-B2C4-B236-3EE61E8C834C}</UniqueIdentifier>
    </Filter>
    <Filter Include="Src\Crystal\Layers">
      <UniqueIdentifier>{7DAF620B-6993-2361-D2F3-1DB4BEF60DE3}</UniqueIdentifier>
    </Filter>
    <Filter Include="Src\Crystal\Logging">
      <UniqueIdentifier>{14111C97-8072-F9A4-09E0-3F5775403064}</UniqueIdentifier>
    </Filter>
    <Filter Include="Src\Crystal\Renderer">
      <UniqueIdentifier>{E4837E12-D012-08DC-7931-1CD7659F1882}</UniqueIdentifier>
    </Filter>
    <Filter Include="Src\Crystal\Renderer\Buffers">
      <UniqueIdentifier>{60E71A6E-4CA2-0A1A-F559-8364E1F354AA}</UniqueIdentifier>
    </Filter>
    <Filter Include="Src\Crystal\Renderer\Cameras">
      <UniqueIdentifier>{CF4BEC8C-BB06-DC38-64BE-5483505826C9}</UniqueIdentifier>
    </Filter>
    <Filter Include="Src\Crystal\Renderer\Textures">
      <UniqueIdentifier>{37F67729-A30E-5F53-6CBB-EEECD892F3EC}</UniqueIdentifier>
    </Filter>
    <Filter Include="Src\Crystal\Time">
      <UniqueIdentifier>{DC2D138D-C826-32DF-F158-1764DDB011EB}</UniqueIdentifier>
    </Filter>
    <Filter Include="Src\Platform">
      <UniqueIdentifier>{011E97C6-ED80-266B-9606-5F218248F2ED}</UniqueIdentifier>
    </Filter>
    <Filter Include="Src\Platform\OpenGL">
      <UniqueIdentifier>{15DC471C-813D-252A-0AAB-6BDC760B5CE9}</UniqueIdentifier>
    </Filter>
    <Filter Include="Src\Platform\OpenGL\Buffers">
      <UniqueIdentifier>{91E08D43-FDED-BB29-86D4-B714F2E087E0}</UniqueIdentifier>
    </Filter>
    <Filter Include="Src\Platform\OpenGL\Textures">
      <UniqueIdentifier>{88154AAD-74D0-3959-1D88-B2A3092284E9}</UniqueIdentifier>
    </Filter>
    <Filter Include="Src\Platform\Windows">
      <UniqueIdentifier>{3B395FFD-27C8-E8C6-D0E6-FCC1BC54F96C}</UniqueIdentifier>
    </Filter>
    <Filter Include="Vendor">
      <UniqueIdentifier>{935FDCD7-7F01-07AE-68BC-1A0254FD8DFE}</UniqueIdentifier>
    </Filter>
    <Filter Include="Vendor\stb">
      <UniqueIdentifier>{6BAF7327-5767-B574-C06E-8ED0AC455065}</UniqueIdentifier>
    </Filter>
  </ItemGroup>
  <ItemGroup>
    <ClInclude Include="Src\Crpch.h">
      <Filter>Src</Filter>
    </ClInclude>
    <ClInclude Include="Src\Crystal.h">
      <Filter>Src</Filter>
    </ClInclude>
    <ClInclude Include="Src\Crystal\Core\Application.h">
      <Filter>Src\Crystal\Core</Filter>
    </ClInclude>
    <ClInclude Include="Src\Crystal\Core\Core.h">
      <Filter>Src\Crystal\Core</Filter>
    </ClInclude>
    <ClInclude Include="Src\Crystal\Core\EntryPoint.h">
      <Filter>Src\Crystal\Core</Filter>
    </ClInclude>
    <ClInclude Include="Src\Crystal\Core\Window.h">
      <Filter>Src\Crystal\Core</Filter>
    </ClInclude>
    <ClInclude Include="Src\Crystal\Events\ApplicationEvent.h">
      <Filter>Src\Crystal\Events</Filter>
    </ClInclude>
    <ClInclude Include="Src\Crystal\Events\Event.h">
      <Filter>Src\Crystal\Events</Filter>
    </ClInclude>
    <ClInclude Include="Src\Crystal\Events\KeyEvent.h">
      <Filter>Src\Crystal\Events</Filter>
    </ClInclude>
    <ClInclude Include="Src\Crystal\Events\MouseEvent.h">
      <Filter>Src\Crystal\Events</Filter>
    </ClInclude>
    <ClInclude Include="Src\Crystal\ImGui\ImGuiLayer.h">
      <Filter>Src\Crystal\ImGui</Filter>
    </ClInclude>
    <ClInclude Include="Src\Crystal\Input\Input.h">
      <Filter>Src\Crystal\Input</Filter>
    </ClInclude>
    <ClInclude Include="Src\Crystal\Input\KeyCodes.h">
      <Filter>Src\Crystal\Input</Filter>
    </ClInclude>
    <ClInclude Include="Src\Crystal\Input\MouseButtonCodes.h">
      <Filter>Src\Crystal\Input</Filter>
    </ClInclude>
    <ClInclude Include="Src\Crystal\Layers\Layer.h">
      <Filter>Src\Crystal\Layers</Filter>
    </ClInclude>
    <ClInclude Include="Src\Crystal\Layers\LayerStack.h">
      <Filter>Src\Crystal\Layers</Filter>
    </ClInclude>
    <ClInclude Include="Src\Crystal\Logging\Log.h">
      <Filter>Src\Crystal\Logging</Filter>
    </ClInclude>
    <ClInclude Include="Src\Crystal\Renderer\Buffers\BufferLayout.h">
      <Filter>Src\Crystal\Renderer\Buffers</Filter>
    </ClInclude>
    <ClInclude Include="Src\Crystal\Renderer\Buffers\IndexBuffer.h">
      <Filter>Src\Crystal\Renderer\Buffers</Filter>
    </ClInclude>
    <ClInclude Include="Src\Crystal\Renderer\Buffers\VertexBuffer.h">
      <Filter>Src\Crystal\Renderer\Buffers</Filter>
    </ClInclude>
    <ClInclude Include="Src\Crystal\Renderer\Cameras\Camera.h">
      <Filter>Src\Crystal\Renderer\Cameras</Filter>
    </ClInclude>
    <ClInclude Include="Src\Crystal\Renderer\Cameras\OrthographicCamera.h">
      <Filter>Src\Crystal\Renderer\Cameras</Filter>
    </ClInclude>
    <ClInclude Include="Src\Crystal\Renderer\Framebuffer.h">
      <Filter>Src\Crystal\Renderer</Filter>
    </ClInclude>
    <ClInclude Include="Src\Crystal\Renderer\GraphicsContext.h">
      <Filter>Src\Crystal\Renderer</Filter>
    </ClInclude>
    <ClInclude Include="Src\Crystal\Renderer\Mesh.h">
      <Filter>Src\Crystal\Renderer</Filter>
    </ClInclude>
    <ClInclude Include="Src\Crystal\Renderer\RenderCommandQueue.h">
      <Filter>Src\Crystal\Renderer</Filter>
    </ClInclude>
    <ClInclude Include="Src\Crystal\Renderer\Renderer.h">
      <Filter>Src\Crystal\Renderer</Filter>
    </ClInclude>
    <ClInclude Include="Src\Crystal\Renderer\RendererAPI.h">
      <Filter>Src\Crystal\Renderer</Filter>
    </ClInclude>
    <ClInclude Include="Src\Crystal\Renderer\Shader.h">
      <Filter>Src\Crystal\Renderer</Filter>
    </ClInclude>
    <ClInclude Include="Src\Crystal\Renderer\Textures\Texture.h">
      <Filter>Src\Crystal\Renderer\Textures</Filter>
    </ClInclude>
    <ClInclude Include="Src\Crystal\Renderer\Textures\Texture2D.h">
      <Filter>Src\Crystal\Renderer\Textures</Filter>
    </ClInclude>
    <ClInclude Include="Src\Crystal\Renderer\Textures\TextureCube.h">
      <Filter>Src\Crystal\Renderer\Textures</Filter>
    </ClInclude>
    <ClInclude Include="Src\Crystal\Time\Time.h">
      <Filter>Src\Crystal\Time</Filter>
    </ClInclude>
    <ClInclude Include="Src\Platform\OpenGL\Buffers\OpenGLFramebuffer.h">
      <Filter>Src\Platform\OpenGL\Buffers</Filter>
    </ClInclude>
    <ClInclude Include="Src\Platform\OpenGL\Buffers\OpenGLIndexBuffer.h">
      <Filter>Src\Platform\OpenGL\Buffers</Filter>
    </ClInclude>
    <ClInclude Include="Src\Platform\OpenGL\Buffers\OpenGLVertexBuffer.h">
      <Filter>Src\Platform\OpenGL\Buffers</Filter>
    </ClInclude>
    <ClInclude Include="Src\Platform\OpenGL\OpenGLContext.h">
      <Filter>Src\Platform\OpenGL</Filter>
    </ClInclude>
    <ClInclude Include="Src\Platform\OpenGL\OpenGLShader.h">
      <Filter>Src\Platform\OpenGL</Filter>
    </ClInclude>
    <ClInclude Include="Src\Platform\OpenGL\Textures\OpenGLTexture.h">
      <Filter>Src\Platform\OpenGL\Textures</Filter>
    </ClInclude>
    <ClInclude Include="Src\Platform\OpenGL\Textures\OpenGLTexture2D.h">
      <Filter>Src\Platform\OpenGL\Textures</Filter>
    </ClInclude>
    <ClInclude Include="Src\Platform\OpenGL\Textures\OpenGLTextureCube.h">
      <Filter>Src\Platform\OpenGL\Textures</Filter>
    </ClInclude>
    <ClInclude Include="Src\Platform\Windows\WindowsInput.h">
      <Filter>Src\Platform\Windows</Filter>
    </ClInclude>
    <ClInclude Include="Src\Platform\Windows\WindowsTime.h">
      <Filter>Src\Platform\Windows</Filter>
    </ClInclude>
    <ClInclude Include="Src\Platform\Windows\WindowsWindow.h">
      <Filter>Src\Platform\Windows</Filter>
    </ClInclude>
    <ClInclude Include="Vendor\stb\stb_image.h">
      <Filter>Vendor\stb</Filter>
    </ClInclude>
  </ItemGroup>
  <ItemGroup>
    <ClCompile Include="Src\Crpch.cpp">
      <Filter>Src</Filter>
    </ClCompile>
    <ClCompile Include="Src\Crystal\Core\Application.cpp">
      <Filter>Src\Crystal\Core</Filter>
    </ClCompile>
    <ClCompile Include="Src\Crystal\ImGui\ImGuiBuild.cpp">
      <Filter>Src\Crystal\ImGui</Filter>
    </ClCompile>
    <ClCompile Include="Src\Crystal\ImGui\ImGuiLayer.cpp">
      <Filter>Src\Crystal\ImGui</Filter>
    </ClCompile>
    <ClCompile Include="Src\Crystal\Layers\Layer.cpp">
      <Filter>Src\Crystal\Layers</Filter>
    </ClCompile>
    <ClCompile Include="Src\Crystal\Layers\LayerStack.cpp">
      <Filter>Src\Crystal\Layers</Filter>
    </ClCompile>
    <ClCompile Include="Src\Crystal\Logging\Log.cpp">
      <Filter>Src\Crystal\Logging</Filter>
    </ClCompile>
    <ClCompile Include="Src\Crystal\Renderer\Buffers\BufferLayout.cpp">
      <Filter>Src\Crystal\Renderer\Buffers</Filter>
    </ClCompile>
    <ClCompile Include="Src\Crystal\Renderer\Buffers\IndexBuffer.cpp">
      <Filter>Src\Crystal\Renderer\Buffers</Filter>
    </ClCompile>
    <ClCompile Include="Src\Crystal\Renderer\Buffers\VertexBuffer.cpp">
      <Filter>Src\Crystal\Renderer\Buffers</Filter>
    </ClCompile>
    <ClCompile Include="Src\Crystal\Renderer\Cameras\Camera.cpp">
      <Filter>Src\Crystal\Renderer\Cameras</Filter>
    </ClCompile>
    <ClCompile Include="Src\Crystal\Renderer\Cameras\OrthographicCamera.cpp">
      <Filter>Src\Crystal\Renderer\Cameras</Filter>
    </ClCompile>
    <ClCompile Include="Src\Crystal\Renderer\Framebuffer.cpp">
      <Filter>Src\Crystal\Renderer</Filter>
    </ClCompile>
    <ClCompile Include="Src\Crystal\Renderer\Mesh.cpp">
      <Filter>Src\Crystal\Renderer</Filter>
    </ClCompile>
    <ClCompile Include="Src\Crystal\Renderer\RenderCommandQueue.cpp">
      <Filter>Src\Crystal\Renderer</Filter>
    </ClCompile>
    <ClCompile Include="Src\Crystal\Renderer\Renderer.cpp">
      <Filter>Src\Crystal\Renderer</Filter>
    </ClCompile>
    <ClCompile Include="Src\Crystal\Renderer\Shader.cpp">
      <Filter>Src\Crystal\Renderer</Filter>
    </ClCompile>
    <ClCompile Include="Src\Crystal\Renderer\Textures\Texture.cpp">
      <Filter>Src\Crystal\Renderer\Textures</Filter>
    </ClCompile>
    <ClCompile Include="Src\Crystal\Renderer\Textures\Texture2D.cpp">
      <Filter>Src\Crystal\Renderer\Textures</Filter>
    </ClCompile>
    <ClCompile Include="Src\Crystal\Renderer\Textures\TextureCube.cpp">
      <Filter>Src\Crystal\Renderer\Textures</Filter>
    </ClCompile>
    <ClCompile Include="Src\Crystal\Time\Time.cpp">
      <Filter>Src\Crystal\Time</Filter>
    </ClCompile>
    <ClCompile Include="Src\Platform\OpenGL\Buffers\OpenGLFramebuffer.cpp">
      <Filter>Src\Platform\OpenGL\Buffers</Filter>
    </ClCompile>
    <ClCompile Include="Src\Platform\OpenGL\Buffers\OpenGLIndexBuffer.cpp">
      <Filter>Src\Platform\OpenGL\Buffers</Filter>
    </ClCompile>
    <ClCompile Include="Src\Platform\OpenGL\Buffers\OpenGLVertexBuffer.cpp">
      <Filter>Src\Platform\OpenGL\Buffers</Filter>
    </ClCompile>
    <ClCompile Include="Src\Platform\OpenGL\OpenGLContext.cpp">
      <Filter>Src\Platform\OpenGL</Filter>
    </ClCompile>
    <ClCompile Include="Src\Platform\OpenGL\OpenGLRendererAPI.cpp">
      <Filter>Src\Platform\OpenGL</Filter>
    </ClCompile>
    <ClCompile Include="Src\Platform\OpenGL\OpenGLShader.cpp">
      <Filter>Src\Platform\OpenGL</Filter>
    </ClCompile>
    <ClCompile Include="Src\Platform\OpenGL\Textures\OpenGLTexture2D.cpp">
      <Filter>Src\Platform\OpenGL\Textures</Filter>
    </ClCompile>
    <ClCompile Include="Src\Platform\OpenGL\Textures\OpenGLTextureCube.cpp">
      <Filter>Src\Platform\OpenGL\Textures</Filter>
    </ClCompile>
    <ClCompile Include="Src\Platform\Windows\WindowsInput.cpp">
      <Filter>Src\Platform\Windows</Filter>
    </ClCompile>
    <ClCompile Include="Src\Platform\Windows\WindowsTime.cpp">
      <Filter>Src\Platform\Windows</Filter>
    </ClCompile>
    <ClCompile Include="Src\Platform\Windows\WindowsWindow.cpp">
      <Filter>Src\Platform\Windows</Filter>
    </ClCompile>
    <ClCompile Include="Vendor\stb\stb_image.cpp">
      <Filter>Vendor\stb</Filter>
    </ClCompile>
  </ItemGroup>
</Project>